# This file was autogenerated by Stack.
# You should not edit this file by hand.
# For more information, please see the documentation at:
#   https://docs.haskellstack.org/en/stable/lock_files

packages:
- completed:
    hackage: email-header-0.4.1@sha256:3d501fb7cb4cc0af743105d65076fe1637687ba7e8477d84c28b9235d82be414,1789
    pantry-tree:
      size: 949
      sha256: f83fc31031f0f2679f20165ae8bbfab0e128f69ee30d4a4ac92bd09f84488cec
  original:
    hackage: email-header-0.4.1@sha256:3d501fb7cb4cc0af743105d65076fe1637687ba7e8477d84c28b9235d82be414
- completed:
    size: 2134
    url: https://github.com/chrisdone/yesod-lucid/archive/de8b455a6efcc02b95d5f6363a29044e230dc75f.tar.gz
    cabal-file:
      size: 600
      sha256: 620400333821a2bd3c9725959879d808115b8499cbc4f79e0afed75977da3230
    name: yesod-lucid
    version: '0.1'
    sha256: 8761f8a1f051ec66bed5abe38f86c897d817ecace997adc59d2b5bd5973947f3
    pantry-tree:
      size: 257
      sha256: 3b1b47c7bde5a9bece9782f40119372c7ae86fb0b7f4e64c8a6c777cb8a47160
  original:
    url: https://github.com/chrisdone/yesod-lucid/archive/de8b455a6efcc02b95d5f6363a29044e230dc75f.tar.gz
- completed:
    size: 10501
    url: https://github.com/chrisdone/mime/archive/a27a1bcded423b3096d0e9432d9f9acb7f718b0a.tar.gz
    cabal-file:
      size: 1093
      sha256: b818f3bf94f7640a9232ff3a5962d99cd9eabeea2e0eee5034efea0ded9b952c
    name: mime
    version: 0.4.0.2
    sha256: a759af64764bef983b36b2941d435f9d0765bb8807d3a1fdf4a501db6337474a
    pantry-tree:
      size: 717
      sha256: 054253b970a89dc310f654558c12d6ff7780b974428155e9fc682c0421d8c67e
  original:
    url: https://github.com/chrisdone/mime/archive/a27a1bcded423b3096d0e9432d9f9acb7f718b0a.tar.gz
- completed:
    size: 351775
    url: https://github.com/bitemyapp/esqueleto/archive/08c9b4cdf977d5bcd1baba046a007940c1940758.tar.gz
    cabal-file:
      size: 5153
      sha256: e32a1da4f774c685807fa2cf17bbed3c44b698959e342a1ea551f3fb559540b8
    name: esqueleto
    version: 2.6.0
    sha256: 92621ec4e98d7df2b35f5fed969c074860d1b790084d3ad5e5bc81e0ec215ca6
    pantry-tree:
      size: 1978
      sha256: d7540ede2b694dd33e2872125e53b146885ee61b61d3a1f0b9c8f68297ffa9c4
  original:
    url: https://github.com/bitemyapp/esqueleto/archive/08c9b4cdf977d5bcd1baba046a007940c1940758.tar.gz
- completed:
    size: 3203
    url: https://github.com/chrisdone/env-args/archive/bfcad7b70c217218fd512bf8dbd90bead51e9385.tar.gz
    cabal-file:
      size: 744
      sha256: f5d00fee76b12dfba56d4e9aca0e13fd6e76eafa3c679e9b5b3c5eefcd4fcff5
    name: env-args
    version: 0.1.0.0
    sha256: 231219e9a5d802e9e2c2d3a90452bd62d18b7f8d4265ef682141fbaa17a0d322
    pantry-tree:
      size: 414
      sha256: 627a6b4f047e5e81b187c12ba2f60f9d02a48ed29b7f1b6dbed18659b51185aa
  original:
    url: https://github.com/chrisdone/env-args/archive/bfcad7b70c217218fd512bf8dbd90bead51e9385.tar.gz
snapshots:
- completed:
    size: 504336
    url: https://raw.githubusercontent.com/commercialhaskell/stackage-snapshots/master/lts/12/12.yaml
    sha256: 11db5c37144d13fe6b56cd511050b4e6ffe988f6edb8e439c2432fc9fcdf50c3
  original: lts-12.12
